
Microsoft Visual Studio Solution File, Format Version 12.00
# Visual Studio Version 16
VisualStudioVersion = 16.0.32428.217
MinimumVisualStudioVersion = 10.0.40219.1
Project("{9A19103F-16F7-4668-BE54-9A1E7A4F7556}") = "BlazorProject", "BlazorProject\BlazorProject.csproj", "{A6866DDE-A9DD-44C9-93B3-7DA48027BA30}"
EndProject
Project("{9A19103F-16F7-4668-BE54-9A1E7A4F7556}") = "BlazorProject.Data", "BlazorProject.Data\BlazorProject.Data.csproj", "{C90D0745-A847-42A4-BF7C-A1396C038166}"
EndProject
Project("{FAE04EC0-301F-11D3-BF4B-00C04F79EFBC}") = "BlazorProjectWebAPI", "BlazorProjectWebAPI\BlazorProjectWebAPI.csproj", "{C6F2FA57-C021-4772-B051-3AD06754C106}"
EndProject
Global
	GlobalSection(SolutionConfigurationPlatforms) = preSolution
		Debug|Any CPU = Debug|Any CPU
		Release|Any CPU = Release|Any CPU
	EndGlobalSection
	GlobalSection(ProjectConfigurationPlatforms) = postSolution
		{A6866DDE-A9DD-44C9-93B3-7DA48027BA30}.Debug|Any CPU.ActiveCfg = Debug|Any CPU
		{A6866DDE-A9DD-44C9-93B3-7DA48027BA30}.Debug|Any CPU.Build.0 = Debug|Any CPU
		{A6866DDE-A9DD-44C9-93B3-7DA48027BA30}.Release|Any CPU.ActiveCfg = Release|Any CPU
		{A6866DDE-A9DD-44C9-93B3-7DA48027BA30}.Release|Any CPU.Build.0 = Release|Any CPU
		{C90D0745-A847-42A4-BF7C-A1396C038166}.Debug|Any CPU.ActiveCfg = Debug|Any CPU
		{C90D0745-A847-42A4-BF7C-A1396C038166}.Debug|Any CPU.Build.0 = Debug|Any CPU
		{C90D0745-A847-42A4-BF7C-A1396C038166}.Release|Any CPU.ActiveCfg = Release|Any CPU
		{C90D0745-A847-42A4-BF7C-A1396C038166}.Release|Any CPU.Build.0 = Release|Any CPU
		{C6F2FA57-C021-4772-B051-3AD06754C106}.Debug|Any CPU.ActiveCfg = Debug|Any CPU
		{C6F2FA57-C021-4772-B051-3AD06754C106}.Debug|Any CPU.Build.0 = Debug|Any CPU
		{C6F2FA57-C021-4772-B051-3AD06754C106}.Release|Any CPU.ActiveCfg = Release|Any CPU
		{C6F2FA57-C021-4772-B051-3AD06754C106}.Release|Any CPU.Build.0 = Release|Any CPU
	EndGlobalSection
	GlobalSection(SolutionProperties) = preSolution
		HideSolutionNode = FALSE
	EndGlobalSection
	GlobalSection(ExtensibilityGlobals) = postSolution
		SolutionGuid = {C2C220BB-9030-47EA-A638-DABABBB84896}
	EndGlobalSection
EndGlobal
